// !$*UTF8*$!
{
	archiveVersion = 1;
	classes = {
	};
	objectVersion = 50;
	objects = {

/* Begin PBXBuildFile section */
		6638C5832651B2CC00A4149F /* UppercaseLetters.swift in Sources */ = {isa = PBXBuildFile; fileRef = 6638C5822651B2CC00A4149F /* UppercaseLetters.swift */; };
		6638C5852651B63600A4149F /* UppercaseLettersTest.swift in Sources */ = {isa = PBXBuildFile; fileRef = 6638C5842651B63600A4149F /* UppercaseLettersTest.swift */; };
		6638C5882651BD7500A4149F /* LowercaseLetters.swift in Sources */ = {isa = PBXBuildFile; fileRef = 6638C5872651BD7500A4149F /* LowercaseLetters.swift */; };
		6638C58A2651BDEB00A4149F /* LowercaseLettersTest.swift in Sources */ = {isa = PBXBuildFile; fileRef = 6638C5892651BDEB00A4149F /* LowercaseLettersTest.swift */; };
		6638C58C2651BED700A4149F /* Numbers.swift in Sources */ = {isa = PBXBuildFile; fileRef = 6638C58B2651BED700A4149F /* Numbers.swift */; };
		6638C58E2651BFE000A4149F /* NumbersTest.swift in Sources */ = {isa = PBXBuildFile; fileRef = 6638C58D2651BFE000A4149F /* NumbersTest.swift */; };
		6638C5902651C14E00A4149F /* Symbols.swift in Sources */ = {isa = PBXBuildFile; fileRef = 6638C58F2651C14E00A4149F /* Symbols.swift */; };
		6638C5922651C1E200A4149F /* SymbolsTest.swift in Sources */ = {isa = PBXBuildFile; fileRef = 6638C5912651C1E200A4149F /* SymbolsTest.swift */; };
		669C640D2658BFFE000F5551 /* ViewControllerTest.swift in Sources */ = {isa = PBXBuildFile; fileRef = 669C640C2658BFFE000F5551 /* ViewControllerTest.swift */; };
		66A23F822651CB0F00884770 /* MiddleNumbersOrSymbols.swift in Sources */ = {isa = PBXBuildFile; fileRef = 66A23F812651CB0F00884770 /* MiddleNumbersOrSymbols.swift */; };
		66A23F842651CCDE00884770 /* MiddleNumbersOrSymbolsTest.swift in Sources */ = {isa = PBXBuildFile; fileRef = 66A23F832651CCDE00884770 /* MiddleNumbersOrSymbolsTest.swift */; };
		66A23F872651CDD600884770 /* PasswordVariablesCalculator.swift in Sources */ = {isa = PBXBuildFile; fileRef = 66A23F862651CDD600884770 /* PasswordVariablesCalculator.swift */; };
		66A23F892651D35A00884770 /* Requirements.swift in Sources */ = {isa = PBXBuildFile; fileRef = 66A23F882651D35A00884770 /* Requirements.swift */; };
		66A23F8E2651D3FE00884770 /* AdditionsVariablesBuilder.swift in Sources */ = {isa = PBXBuildFile; fileRef = 66A23F8D2651D3FE00884770 /* AdditionsVariablesBuilder.swift */; };
		66A23F902651D72B00884770 /* RequirementsTest.swift in Sources */ = {isa = PBXBuildFile; fileRef = 66A23F8F2651D72B00884770 /* RequirementsTest.swift */; };
		66A23F95265225A200884770 /* LettersOnly.swift in Sources */ = {isa = PBXBuildFile; fileRef = 66A23F94265225A200884770 /* LettersOnly.swift */; };
		66A23F972652277000884770 /* DeductionsVariablesBuilder.swift in Sources */ = {isa = PBXBuildFile; fileRef = 66A23F962652277000884770 /* DeductionsVariablesBuilder.swift */; };
		66A23F9A265229D300884770 /* LettersOnlyTest.swift in Sources */ = {isa = PBXBuildFile; fileRef = 66A23F99265229D300884770 /* LettersOnlyTest.swift */; };
		66A23F9C26522BFF00884770 /* NumbersOnly.swift in Sources */ = {isa = PBXBuildFile; fileRef = 66A23F9B26522BFF00884770 /* NumbersOnly.swift */; };
		66A23F9E26522CBD00884770 /* NumbersOnlyTest.swift in Sources */ = {isa = PBXBuildFile; fileRef = 66A23F9D26522CBD00884770 /* NumbersOnlyTest.swift */; };
		66A23FA026522D3A00884770 /* RepeatCharacters.swift in Sources */ = {isa = PBXBuildFile; fileRef = 66A23F9F26522D3A00884770 /* RepeatCharacters.swift */; };
		66A23FA226522F2B00884770 /* RepeatCharactersTest.swift in Sources */ = {isa = PBXBuildFile; fileRef = 66A23FA126522F2B00884770 /* RepeatCharactersTest.swift */; };
		66A23FA42652305200884770 /* ConsecutiveUppercaseLetters.swift in Sources */ = {isa = PBXBuildFile; fileRef = 66A23FA32652305200884770 /* ConsecutiveUppercaseLetters.swift */; };
		66A23FA62652316E00884770 /* ConsecutiveUppercaseLettersTest.swift in Sources */ = {isa = PBXBuildFile; fileRef = 66A23FA52652316E00884770 /* ConsecutiveUppercaseLettersTest.swift */; };
		66A23FA8265232E200884770 /* ConsecutiveLowercaseLetters.swift in Sources */ = {isa = PBXBuildFile; fileRef = 66A23FA7265232E200884770 /* ConsecutiveLowercaseLetters.swift */; };
		66A23FAA2652334000884770 /* ConsecutiveLowercaseLettersTest.swift in Sources */ = {isa = PBXBuildFile; fileRef = 66A23FA92652334000884770 /* ConsecutiveLowercaseLettersTest.swift */; };
		66A23FAC2652342D00884770 /* ConsecutiveNumbers.swift in Sources */ = {isa = PBXBuildFile; fileRef = 66A23FAB2652342D00884770 /* ConsecutiveNumbers.swift */; };
		66A23FAE265234D000884770 /* ConsecutiveNumbersTest.swift in Sources */ = {isa = PBXBuildFile; fileRef = 66A23FAD265234D000884770 /* ConsecutiveNumbersTest.swift */; };
		66A23FB02652353C00884770 /* SequentialLetters.swift in Sources */ = {isa = PBXBuildFile; fileRef = 66A23FAF2652353C00884770 /* SequentialLetters.swift */; };
		66A23FB22652393400884770 /* SequentialLettersTest.swift in Sources */ = {isa = PBXBuildFile; fileRef = 66A23FB12652393400884770 /* SequentialLettersTest.swift */; };
		66A23FB426523BBC00884770 /* SequentialNumbers.swift in Sources */ = {isa = PBXBuildFile; fileRef = 66A23FB326523BBC00884770 /* SequentialNumbers.swift */; };
		66A23FB626523C5500884770 /* SequentialNumbersTest.swift in Sources */ = {isa = PBXBuildFile; fileRef = 66A23FB526523C5500884770 /* SequentialNumbersTest.swift */; };
		66A23FB826523D1A00884770 /* SequentialSymbols.swift in Sources */ = {isa = PBXBuildFile; fileRef = 66A23FB726523D1A00884770 /* SequentialSymbols.swift */; };
		66A23FBA26523DAD00884770 /* SequentialSymbolsTest.swift in Sources */ = {isa = PBXBuildFile; fileRef = 66A23FB926523DAD00884770 /* SequentialSymbolsTest.swift */; };
		66A23FBC26523E8C00884770 /* DeductionsVariablesBuilderForScore.swift in Sources */ = {isa = PBXBuildFile; fileRef = 66A23FBB26523E8C00884770 /* DeductionsVariablesBuilderForScore.swift */; };
		66A23FBE26523FBE00884770 /* Score.swift in Sources */ = {isa = PBXBuildFile; fileRef = 66A23FBD26523FBE00884770 /* Score.swift */; };
		66A23FC02652414500884770 /* ScoreTest.swift in Sources */ = {isa = PBXBuildFile; fileRef = 66A23FBF2652414500884770 /* ScoreTest.swift */; };
		66A23FC2265249CD00884770 /* PasswordComplexity.swift in Sources */ = {isa = PBXBuildFile; fileRef = 66A23FC1265249CD00884770 /* PasswordComplexity.swift */; };
		66B28ACF264CC682003BF76B /* AppDelegate.swift in Sources */ = {isa = PBXBuildFile; fileRef = 66B28ACE264CC682003BF76B /* AppDelegate.swift */; };
		66B28AD1264CC682003BF76B /* SceneDelegate.swift in Sources */ = {isa = PBXBuildFile; fileRef = 66B28AD0264CC682003BF76B /* SceneDelegate.swift */; };
		66B28AD3264CC682003BF76B /* ContentView.swift in Sources */ = {isa = PBXBuildFile; fileRef = 66B28AD2264CC682003BF76B /* ContentView.swift */; };
		66B28AD5264CC685003BF76B /* Assets.xcassets in Resources */ = {isa = PBXBuildFile; fileRef = 66B28AD4264CC685003BF76B /* Assets.xcassets */; };
		66B28AD8264CC685003BF76B /* Preview Assets.xcassets in Resources */ = {isa = PBXBuildFile; fileRef = 66B28AD7264CC685003BF76B /* Preview Assets.xcassets */; };
		66B28ADB264CC685003BF76B /* LaunchScreen.storyboard in Resources */ = {isa = PBXBuildFile; fileRef = 66B28AD9264CC685003BF76B /* LaunchScreen.storyboard */; };
		66B28AE6264CC685003BF76B /* PasswordMeterTests.swift in Sources */ = {isa = PBXBuildFile; fileRef = 66B28AE5264CC685003BF76B /* PasswordMeterTests.swift */; };
		66B28AF1264CC685003BF76B /* PasswordMeterUITests.swift in Sources */ = {isa = PBXBuildFile; fileRef = 66B28AF0264CC685003BF76B /* PasswordMeterUITests.swift */; };
		66BCD417265485D1009CAE22 /* StringForEach.swift in Sources */ = {isa = PBXBuildFile; fileRef = 66BCD416265485D1009CAE22 /* StringForEach.swift */; };
		66C6191826540812006FD37A /* PasswordComplexityTest.swift in Sources */ = {isa = PBXBuildFile; fileRef = 66C6191726540812006FD37A /* PasswordComplexityTest.swift */; };
		66D6D564264CD5730068445A /* ResultsView.swift in Sources */ = {isa = PBXBuildFile; fileRef = 66D6D563264CD5730068445A /* ResultsView.swift */; };
		66D6D568264CDD420068445A /* AnalysisResult.swift in Sources */ = {isa = PBXBuildFile; fileRef = 66D6D567264CDD420068445A /* AnalysisResult.swift */; };
		66D6D56A264CDDE30068445A /* RequirementLevel.swift in Sources */ = {isa = PBXBuildFile; fileRef = 66D6D569264CDDE30068445A /* RequirementLevel.swift */; };
		66D6D56D264CDF0C0068445A /* NumberOfCharacters.swift in Sources */ = {isa = PBXBuildFile; fileRef = 66D6D56C264CDF0C0068445A /* NumberOfCharacters.swift */; };
		66D6D56F264CE0EB0068445A /* NumberOfCharactersTest.swift in Sources */ = {isa = PBXBuildFile; fileRef = 66D6D56E264CE0EB0068445A /* NumberOfCharactersTest.swift */; };
		66E2842D2658BB7700DEDC83 /* ViewController.swift in Sources */ = {isa = PBXBuildFile; fileRef = 66E2842C2658BB7700DEDC83 /* ViewController.swift */; };
		66EDA242265191F900165943 /* Results.swift in Sources */ = {isa = PBXBuildFile; fileRef = 66EDA241265191F900165943 /* Results.swift */; };
/* End PBXBuildFile section */

/* Begin PBXContainerItemProxy section */
		66B28AE2264CC685003BF76B /* PBXContainerItemProxy */ = {
			isa = PBXContainerItemProxy;
			containerPortal = 66B28AC3264CC682003BF76B /* Project object */;
			proxyType = 1;
			remoteGlobalIDString = 66B28ACA264CC682003BF76B;
			remoteInfo = PasswordMeter;
		};
		66B28AED264CC685003BF76B /* PBXContainerItemProxy */ = {
			isa = PBXContainerItemProxy;
			containerPortal = 66B28AC3264CC682003BF76B /* Project object */;
			proxyType = 1;
			remoteGlobalIDString = 66B28ACA264CC682003BF76B;
			remoteInfo = PasswordMeter;
		};
/* End PBXContainerItemProxy section */

/* Begin PBXFileReference section */
		6638C5822651B2CC00A4149F /* UppercaseLetters.swift */ = {isa = PBXFileReference; lastKnownFileType = sourcecode.swift; path = UppercaseLetters.swift; sourceTree = "<group>"; };
		6638C5842651B63600A4149F /* UppercaseLettersTest.swift */ = {isa = PBXFileReference; lastKnownFileType = sourcecode.swift; path = UppercaseLettersTest.swift; sourceTree = "<group>"; };
		6638C5872651BD7500A4149F /* LowercaseLetters.swift */ = {isa = PBXFileReference; lastKnownFileType = sourcecode.swift; path = LowercaseLetters.swift; sourceTree = "<group>"; };
		6638C5892651BDEB00A4149F /* LowercaseLettersTest.swift */ = {isa = PBXFileReference; lastKnownFileType = sourcecode.swift; path = LowercaseLettersTest.swift; sourceTree = "<group>"; };
		6638C58B2651BED700A4149F /* Numbers.swift */ = {isa = PBXFileReference; lastKnownFileType = sourcecode.swift; path = Numbers.swift; sourceTree = "<group>"; };
		6638C58D2651BFE000A4149F /* NumbersTest.swift */ = {isa = PBXFileReference; lastKnownFileType = sourcecode.swift; path = NumbersTest.swift; sourceTree = "<group>"; };
		6638C58F2651C14E00A4149F /* Symbols.swift */ = {isa = PBXFileReference; lastKnownFileType = sourcecode.swift; path = Symbols.swift; sourceTree = "<group>"; };
		6638C5912651C1E200A4149F /* SymbolsTest.swift */ = {isa = PBXFileReference; lastKnownFileType = sourcecode.swift; path = SymbolsTest.swift; sourceTree = "<group>"; };
		669C640C2658BFFE000F5551 /* ViewControllerTest.swift */ = {isa = PBXFileReference; lastKnownFileType = sourcecode.swift; path = ViewControllerTest.swift; sourceTree = "<group>"; };
		66A23F812651CB0F00884770 /* MiddleNumbersOrSymbols.swift */ = {isa = PBXFileReference; lastKnownFileType = sourcecode.swift; path = MiddleNumbersOrSymbols.swift; sourceTree = "<group>"; };
		66A23F832651CCDE00884770 /* MiddleNumbersOrSymbolsTest.swift */ = {isa = PBXFileReference; lastKnownFileType = sourcecode.swift; path = MiddleNumbersOrSymbolsTest.swift; sourceTree = "<group>"; };
		66A23F862651CDD600884770 /* PasswordVariablesCalculator.swift */ = {isa = PBXFileReference; lastKnownFileType = sourcecode.swift; path = PasswordVariablesCalculator.swift; sourceTree = "<group>"; };
		66A23F882651D35A00884770 /* Requirements.swift */ = {isa = PBXFileReference; lastKnownFileType = sourcecode.swift; path = Requirements.swift; sourceTree = "<group>"; };
		66A23F8D2651D3FE00884770 /* AdditionsVariablesBuilder.swift */ = {isa = PBXFileReference; lastKnownFileType = sourcecode.swift; path = AdditionsVariablesBuilder.swift; sourceTree = "<group>"; };
		66A23F8F2651D72B00884770 /* RequirementsTest.swift */ = {isa = PBXFileReference; lastKnownFileType = sourcecode.swift; path = RequirementsTest.swift; sourceTree = "<group>"; };
		66A23F94265225A200884770 /* LettersOnly.swift */ = {isa = PBXFileReference; lastKnownFileType = sourcecode.swift; path = LettersOnly.swift; sourceTree = "<group>"; };
		66A23F962652277000884770 /* DeductionsVariablesBuilder.swift */ = {isa = PBXFileReference; lastKnownFileType = sourcecode.swift; path = DeductionsVariablesBuilder.swift; sourceTree = "<group>"; };
		66A23F99265229D300884770 /* LettersOnlyTest.swift */ = {isa = PBXFileReference; lastKnownFileType = sourcecode.swift; path = LettersOnlyTest.swift; sourceTree = "<group>"; };
		66A23F9B26522BFF00884770 /* NumbersOnly.swift */ = {isa = PBXFileReference; lastKnownFileType = sourcecode.swift; path = NumbersOnly.swift; sourceTree = "<group>"; };
		66A23F9D26522CBD00884770 /* NumbersOnlyTest.swift */ = {isa = PBXFileReference; lastKnownFileType = sourcecode.swift; path = NumbersOnlyTest.swift; sourceTree = "<group>"; };
		66A23F9F26522D3A00884770 /* RepeatCharacters.swift */ = {isa = PBXFileReference; lastKnownFileType = sourcecode.swift; path = RepeatCharacters.swift; sourceTree = "<group>"; };
		66A23FA126522F2B00884770 /* RepeatCharactersTest.swift */ = {isa = PBXFileReference; lastKnownFileType = sourcecode.swift; path = RepeatCharactersTest.swift; sourceTree = "<group>"; };
		66A23FA32652305200884770 /* ConsecutiveUppercaseLetters.swift */ = {isa = PBXFileReference; lastKnownFileType = sourcecode.swift; path = ConsecutiveUppercaseLetters.swift; sourceTree = "<group>"; };
		66A23FA52652316E00884770 /* ConsecutiveUppercaseLettersTest.swift */ = {isa = PBXFileReference; lastKnownFileType = sourcecode.swift; path = ConsecutiveUppercaseLettersTest.swift; sourceTree = "<group>"; };
		66A23FA7265232E200884770 /* ConsecutiveLowercaseLetters.swift */ = {isa = PBXFileReference; lastKnownFileType = sourcecode.swift; path = ConsecutiveLowercaseLetters.swift; sourceTree = "<group>"; };
		66A23FA92652334000884770 /* ConsecutiveLowercaseLettersTest.swift */ = {isa = PBXFileReference; lastKnownFileType = sourcecode.swift; path = ConsecutiveLowercaseLettersTest.swift; sourceTree = "<group>"; };
		66A23FAB2652342D00884770 /* ConsecutiveNumbers.swift */ = {isa = PBXFileReference; lastKnownFileType = sourcecode.swift; path = ConsecutiveNumbers.swift; sourceTree = "<group>"; };
		66A23FAD265234D000884770 /* ConsecutiveNumbersTest.swift */ = {isa = PBXFileReference; lastKnownFileType = sourcecode.swift; path = ConsecutiveNumbersTest.swift; sourceTree = "<group>"; };
		66A23FAF2652353C00884770 /* SequentialLetters.swift */ = {isa = PBXFileReference; lastKnownFileType = sourcecode.swift; path = SequentialLetters.swift; sourceTree = "<group>"; };
		66A23FB12652393400884770 /* SequentialLettersTest.swift */ = {isa = PBXFileReference; lastKnownFileType = sourcecode.swift; path = SequentialLettersTest.swift; sourceTree = "<group>"; };
		66A23FB326523BBC00884770 /* SequentialNumbers.swift */ = {isa = PBXFileReference; lastKnownFileType = sourcecode.swift; path = SequentialNumbers.swift; sourceTree = "<group>"; };
		66A23FB526523C5500884770 /* SequentialNumbersTest.swift */ = {isa = PBXFileReference; lastKnownFileType = sourcecode.swift; path = SequentialNumbersTest.swift; sourceTree = "<group>"; };
		66A23FB726523D1A00884770 /* SequentialSymbols.swift */ = {isa = PBXFileReference; lastKnownFileType = sourcecode.swift; path = SequentialSymbols.swift; sourceTree = "<group>"; };
		66A23FB926523DAD00884770 /* SequentialSymbolsTest.swift */ = {isa = PBXFileReference; lastKnownFileType = sourcecode.swift; path = SequentialSymbolsTest.swift; sourceTree = "<group>"; };
		66A23FBB26523E8C00884770 /* DeductionsVariablesBuilderForScore.swift */ = {isa = PBXFileReference; lastKnownFileType = sourcecode.swift; path = DeductionsVariablesBuilderForScore.swift; sourceTree = "<group>"; };
		66A23FBD26523FBE00884770 /* Score.swift */ = {isa = PBXFileReference; lastKnownFileType = sourcecode.swift; path = Score.swift; sourceTree = "<group>"; };
		66A23FBF2652414500884770 /* ScoreTest.swift */ = {isa = PBXFileReference; lastKnownFileType = sourcecode.swift; path = ScoreTest.swift; sourceTree = "<group>"; };
		66A23FC1265249CD00884770 /* PasswordComplexity.swift */ = {isa = PBXFileReference; lastKnownFileType = sourcecode.swift; path = PasswordComplexity.swift; sourceTree = "<group>"; };
		66B28ACB264CC682003BF76B /* PasswordMeter.app */ = {isa = PBXFileReference; explicitFileType = wrapper.application; includeInIndex = 0; path = PasswordMeter.app; sourceTree = BUILT_PRODUCTS_DIR; };
		66B28ACE264CC682003BF76B /* AppDelegate.swift */ = {isa = PBXFileReference; lastKnownFileType = sourcecode.swift; path = AppDelegate.swift; sourceTree = "<group>"; };
		66B28AD0264CC682003BF76B /* SceneDelegate.swift */ = {isa = PBXFileReference; lastKnownFileType = sourcecode.swift; path = SceneDelegate.swift; sourceTree = "<group>"; };
		66B28AD2264CC682003BF76B /* ContentView.swift */ = {isa = PBXFileReference; lastKnownFileType = sourcecode.swift; path = ContentView.swift; sourceTree = "<group>"; };
		66B28AD4264CC685003BF76B /* Assets.xcassets */ = {isa = PBXFileReference; lastKnownFileType = folder.assetcatalog; path = Assets.xcassets; sourceTree = "<group>"; };
		66B28AD7264CC685003BF76B /* Preview Assets.xcassets */ = {isa = PBXFileReference; lastKnownFileType = folder.assetcatalog; path = "Preview Assets.xcassets"; sourceTree = "<group>"; };
		66B28ADA264CC685003BF76B /* Base */ = {isa = PBXFileReference; lastKnownFileType = file.storyboard; name = Base; path = Base.lproj/LaunchScreen.storyboard; sourceTree = "<group>"; };
		66B28ADC264CC685003BF76B /* Info.plist */ = {isa = PBXFileReference; lastKnownFileType = text.plist.xml; path = Info.plist; sourceTree = "<group>"; };
		66B28AE1264CC685003BF76B /* PasswordMeterTests.xctest */ = {isa = PBXFileReference; explicitFileType = wrapper.cfbundle; includeInIndex = 0; path = PasswordMeterTests.xctest; sourceTree = BUILT_PRODUCTS_DIR; };
		66B28AE5264CC685003BF76B /* PasswordMeterTests.swift */ = {isa = PBXFileReference; lastKnownFileType = sourcecode.swift; path = PasswordMeterTests.swift; sourceTree = "<group>"; };
		66B28AE7264CC685003BF76B /* Info.plist */ = {isa = PBXFileReference; lastKnownFileType = text.plist.xml; path = Info.plist; sourceTree = "<group>"; };
		66B28AEC264CC685003BF76B /* PasswordMeterUITests.xctest */ = {isa = PBXFileReference; explicitFileType = wrapper.cfbundle; includeInIndex = 0; path = PasswordMeterUITests.xctest; sourceTree = BUILT_PRODUCTS_DIR; };
		66B28AF0264CC685003BF76B /* PasswordMeterUITests.swift */ = {isa = PBXFileReference; lastKnownFileType = sourcecode.swift; path = PasswordMeterUITests.swift; sourceTree = "<group>"; };
		66B28AF2264CC685003BF76B /* Info.plist */ = {isa = PBXFileReference; lastKnownFileType = text.plist.xml; path = Info.plist; sourceTree = "<group>"; };
		66BCD416265485D1009CAE22 /* StringForEach.swift */ = {isa = PBXFileReference; lastKnownFileType = sourcecode.swift; path = StringForEach.swift; sourceTree = "<group>"; };
		66C6191726540812006FD37A /* PasswordComplexityTest.swift */ = {isa = PBXFileReference; lastKnownFileType = sourcecode.swift; path = PasswordComplexityTest.swift; sourceTree = "<group>"; };
		66D6D563264CD5730068445A /* ResultsView.swift */ = {isa = PBXFileReference; lastKnownFileType = sourcecode.swift; path = ResultsView.swift; sourceTree = "<group>"; };
		66D6D567264CDD420068445A /* AnalysisResult.swift */ = {isa = PBXFileReference; lastKnownFileType = sourcecode.swift; path = AnalysisResult.swift; sourceTree = "<group>"; };
		66D6D569264CDDE30068445A /* RequirementLevel.swift */ = {isa = PBXFileReference; lastKnownFileType = sourcecode.swift; path = RequirementLevel.swift; sourceTree = "<group>"; };
		66D6D56C264CDF0C0068445A /* NumberOfCharacters.swift */ = {isa = PBXFileReference; lastKnownFileType = sourcecode.swift; path = NumberOfCharacters.swift; sourceTree = "<group>"; };
		66D6D56E264CE0EB0068445A /* NumberOfCharactersTest.swift */ = {isa = PBXFileReference; lastKnownFileType = sourcecode.swift; path = NumberOfCharactersTest.swift; sourceTree = "<group>"; };
		66E2842C2658BB7700DEDC83 /* ViewController.swift */ = {isa = PBXFileReference; lastKnownFileType = sourcecode.swift; path = ViewController.swift; sourceTree = "<group>"; };
		66EDA241265191F900165943 /* Results.swift */ = {isa = PBXFileReference; lastKnownFileType = sourcecode.swift; path = Results.swift; sourceTree = "<group>"; };
/* End PBXFileReference section */

/* Begin PBXFrameworksBuildPhase section */
		66B28AC8264CC682003BF76B /* Frameworks */ = {
			isa = PBXFrameworksBuildPhase;
			buildActionMask = 2147483647;
			files = (
			);
			runOnlyForDeploymentPostprocessing = 0;
		};
		66B28ADE264CC685003BF76B /* Frameworks */ = {
			isa = PBXFrameworksBuildPhase;
			buildActionMask = 2147483647;
			files = (
			);
			runOnlyForDeploymentPostprocessing = 0;
		};
		66B28AE9264CC685003BF76B /* Frameworks */ = {
			isa = PBXFrameworksBuildPhase;
			buildActionMask = 2147483647;
			files = (
			);
			runOnlyForDeploymentPostprocessing = 0;
		};
/* End PBXFrameworksBuildPhase section */

/* Begin PBXGroup section */
		6638C5862651BCD900A4149F /* Views */ = {
			isa = PBXGroup;
			children = (
				66B28AD2264CC682003BF76B /* ContentView.swift */,
				66D6D563264CD5730068445A /* ResultsView.swift */,
			);
			path = Views;
			sourceTree = "<group>";
		};
		6698E6C8265563DB0027FDF0 /* Extension */ = {
			isa = PBXGroup;
			children = (
				66BCD416265485D1009CAE22 /* StringForEach.swift */,
			);
			path = Extension;
			sourceTree = "<group>";
		};
		66A23F8C2651D3E600884770 /* VariablesBuilders */ = {
			isa = PBXGroup;
			children = (
				66A23F8D2651D3FE00884770 /* AdditionsVariablesBuilder.swift */,
				66A23F962652277000884770 /* DeductionsVariablesBuilder.swift */,
				66A23FBB26523E8C00884770 /* DeductionsVariablesBuilderForScore.swift */,
			);
			path = VariablesBuilders;
			sourceTree = "<group>";
		};
		66A23F912652255A00884770 /* Deductions */ = {
			isa = PBXGroup;
			children = (
				66A23F94265225A200884770 /* LettersOnly.swift */,
				66A23F9B26522BFF00884770 /* NumbersOnly.swift */,
				66A23F9F26522D3A00884770 /* RepeatCharacters.swift */,
				66A23FA32652305200884770 /* ConsecutiveUppercaseLetters.swift */,
				66A23FA7265232E200884770 /* ConsecutiveLowercaseLetters.swift */,
				66A23FAB2652342D00884770 /* ConsecutiveNumbers.swift */,
				66A23FAF2652353C00884770 /* SequentialLetters.swift */,
				66A23FB326523BBC00884770 /* SequentialNumbers.swift */,
				66A23FB726523D1A00884770 /* SequentialSymbols.swift */,
			);
			path = Deductions;
			sourceTree = "<group>";
		};
		66A23F98265229A800884770 /* DeductionsTests */ = {
			isa = PBXGroup;
			children = (
				66A23F99265229D300884770 /* LettersOnlyTest.swift */,
				66A23F9D26522CBD00884770 /* NumbersOnlyTest.swift */,
				66A23FA126522F2B00884770 /* RepeatCharactersTest.swift */,
				66A23FAD265234D000884770 /* ConsecutiveNumbersTest.swift */,
				66A23FA52652316E00884770 /* ConsecutiveUppercaseLettersTest.swift */,
				66A23FA92652334000884770 /* ConsecutiveLowercaseLettersTest.swift */,
				66A23FB12652393400884770 /* SequentialLettersTest.swift */,
				66A23FB526523C5500884770 /* SequentialNumbersTest.swift */,
				66A23FB926523DAD00884770 /* SequentialSymbolsTest.swift */,
			);
			path = DeductionsTests;
			sourceTree = "<group>";
		};
		66B28AC2264CC682003BF76B = {
			isa = PBXGroup;
			children = (
				66B28ACD264CC682003BF76B /* PasswordMeter */,
				66B28AE4264CC685003BF76B /* PasswordMeterTests */,
				66B28AEF264CC685003BF76B /* PasswordMeterUITests */,
				66B28ACC264CC682003BF76B /* Products */,
			);
			sourceTree = "<group>";
		};
		66B28ACC264CC682003BF76B /* Products */ = {
			isa = PBXGroup;
			children = (
				66B28ACB264CC682003BF76B /* PasswordMeter.app */,
				66B28AE1264CC685003BF76B /* PasswordMeterTests.xctest */,
				66B28AEC264CC685003BF76B /* PasswordMeterUITests.xctest */,
			);
			name = Products;
			sourceTree = "<group>";
		};
		66B28ACD264CC682003BF76B /* PasswordMeter */ = {
			isa = PBXGroup;
			children = (
				66E2842B2658BB6300DEDC83 /* Controller */,
				66D6D565264CDB700068445A /* PasswordMeterLogic */,
				6638C5862651BCD900A4149F /* Views */,
				66B28ACE264CC682003BF76B /* AppDelegate.swift */,
				66B28AD0264CC682003BF76B /* SceneDelegate.swift */,
				66B28AD4264CC685003BF76B /* Assets.xcassets */,
				66B28AD9264CC685003BF76B /* LaunchScreen.storyboard */,
				66B28ADC264CC685003BF76B /* Info.plist */,
				66B28AD6264CC685003BF76B /* Preview Content */,
			);
			path = PasswordMeter;
			sourceTree = "<group>";
		};
		66B28AD6264CC685003BF76B /* Preview Content */ = {
			isa = PBXGroup;
			children = (
				66B28AD7264CC685003BF76B /* Preview Assets.xcassets */,
			);
			path = "Preview Content";
			sourceTree = "<group>";
		};
		66B28AE4264CC685003BF76B /* PasswordMeterTests */ = {
			isa = PBXGroup;
			children = (
				66A23F98265229A800884770 /* DeductionsTests */,
				66EDA2432651961600165943 /* AdditionsTests */,
				66B28AE5264CC685003BF76B /* PasswordMeterTests.swift */,
				66C6191726540812006FD37A /* PasswordComplexityTest.swift */,
				66A23FBF2652414500884770 /* ScoreTest.swift */,
				66B28AE7264CC685003BF76B /* Info.plist */,
				669C640C2658BFFE000F5551 /* ViewControllerTest.swift */,
			);
			path = PasswordMeterTests;
			sourceTree = "<group>";
		};
		66B28AEF264CC685003BF76B /* PasswordMeterUITests */ = {
			isa = PBXGroup;
			children = (
				66B28AF0264CC685003BF76B /* PasswordMeterUITests.swift */,
				66B28AF2264CC685003BF76B /* Info.plist */,
			);
			path = PasswordMeterUITests;
			sourceTree = "<group>";
		};
		66C6191B26540CCF006FD37A /* Models */ = {
			isa = PBXGroup;
			children = (
				66D6D567264CDD420068445A /* AnalysisResult.swift */,
				66EDA241265191F900165943 /* Results.swift */,
				66D6D569264CDDE30068445A /* RequirementLevel.swift */,
			);
			path = Models;
			sourceTree = "<group>";
		};
		66D6D565264CDB700068445A /* PasswordMeterLogic */ = {
			isa = PBXGroup;
			children = (
				6698E6C8265563DB0027FDF0 /* Extension */,
				66C6191B26540CCF006FD37A /* Models */,
				66D6D56B264CDEEE0068445A /* Additions */,
				66A23F912652255A00884770 /* Deductions */,
				66A23F8C2651D3E600884770 /* VariablesBuilders */,
				66A23FBD26523FBE00884770 /* Score.swift */,
				66A23F862651CDD600884770 /* PasswordVariablesCalculator.swift */,
				66A23FC1265249CD00884770 /* PasswordComplexity.swift */,
			);
			path = PasswordMeterLogic;
			sourceTree = "<group>";
		};
		66D6D56B264CDEEE0068445A /* Additions */ = {
			isa = PBXGroup;
			children = (
				66D6D56C264CDF0C0068445A /* NumberOfCharacters.swift */,
				6638C5822651B2CC00A4149F /* UppercaseLetters.swift */,
				6638C5872651BD7500A4149F /* LowercaseLetters.swift */,
				6638C58B2651BED700A4149F /* Numbers.swift */,
				6638C58F2651C14E00A4149F /* Symbols.swift */,
				66A23F812651CB0F00884770 /* MiddleNumbersOrSymbols.swift */,
				66A23F882651D35A00884770 /* Requirements.swift */,
			);
			path = Additions;
			sourceTree = "<group>";
		};
		66E2842B2658BB6300DEDC83 /* Controller */ = {
			isa = PBXGroup;
			children = (
				66E2842C2658BB7700DEDC83 /* ViewController.swift */,
			);
			path = Controller;
			sourceTree = "<group>";
		};
		66EDA2432651961600165943 /* AdditionsTests */ = {
			isa = PBXGroup;
			children = (
				66D6D56E264CE0EB0068445A /* NumberOfCharactersTest.swift */,
				66A23F832651CCDE00884770 /* MiddleNumbersOrSymbolsTest.swift */,
				66A23F8F2651D72B00884770 /* RequirementsTest.swift */,
				6638C5842651B63600A4149F /* UppercaseLettersTest.swift */,
				6638C5892651BDEB00A4149F /* LowercaseLettersTest.swift */,
				6638C58D2651BFE000A4149F /* NumbersTest.swift */,
				6638C5912651C1E200A4149F /* SymbolsTest.swift */,
			);
			path = AdditionsTests;
			sourceTree = "<group>";
		};
/* End PBXGroup section */

/* Begin PBXNativeTarget section */
		66B28ACA264CC682003BF76B /* PasswordMeter */ = {
			isa = PBXNativeTarget;
			buildConfigurationList = 66B28AF5264CC685003BF76B /* Build configuration list for PBXNativeTarget "PasswordMeter" */;
			buildPhases = (
				66B28AC7264CC682003BF76B /* Sources */,
				66B28AC8264CC682003BF76B /* Frameworks */,
				66B28AC9264CC682003BF76B /* Resources */,
			);
			buildRules = (
			);
			dependencies = (
			);
			name = PasswordMeter;
			productName = PasswordMeter;
			productReference = 66B28ACB264CC682003BF76B /* PasswordMeter.app */;
			productType = "com.apple.product-type.application";
		};
		66B28AE0264CC685003BF76B /* PasswordMeterTests */ = {
			isa = PBXNativeTarget;
			buildConfigurationList = 66B28AF8264CC685003BF76B /* Build configuration list for PBXNativeTarget "PasswordMeterTests" */;
			buildPhases = (
				66B28ADD264CC685003BF76B /* Sources */,
				66B28ADE264CC685003BF76B /* Frameworks */,
				66B28ADF264CC685003BF76B /* Resources */,
			);
			buildRules = (
			);
			dependencies = (
				66B28AE3264CC685003BF76B /* PBXTargetDependency */,
			);
			name = PasswordMeterTests;
			productName = PasswordMeterTests;
			productReference = 66B28AE1264CC685003BF76B /* PasswordMeterTests.xctest */;
			productType = "com.apple.product-type.bundle.unit-test";
		};
		66B28AEB264CC685003BF76B /* PasswordMeterUITests */ = {
			isa = PBXNativeTarget;
			buildConfigurationList = 66B28AFB264CC685003BF76B /* Build configuration list for PBXNativeTarget "PasswordMeterUITests" */;
			buildPhases = (
				66B28AE8264CC685003BF76B /* Sources */,
				66B28AE9264CC685003BF76B /* Frameworks */,
				66B28AEA264CC685003BF76B /* Resources */,
			);
			buildRules = (
			);
			dependencies = (
				66B28AEE264CC685003BF76B /* PBXTargetDependency */,
			);
			name = PasswordMeterUITests;
			productName = PasswordMeterUITests;
			productReference = 66B28AEC264CC685003BF76B /* PasswordMeterUITests.xctest */;
			productType = "com.apple.product-type.bundle.ui-testing";
		};
/* End PBXNativeTarget section */

/* Begin PBXProject section */
		66B28AC3264CC682003BF76B /* Project object */ = {
			isa = PBXProject;
			attributes = {
				LastSwiftUpdateCheck = 1250;
				LastUpgradeCheck = 1250;
				TargetAttributes = {
					66B28ACA264CC682003BF76B = {
						CreatedOnToolsVersion = 12.5;
					};
					66B28AE0264CC685003BF76B = {
						CreatedOnToolsVersion = 12.5;
						TestTargetID = 66B28ACA264CC682003BF76B;
					};
					66B28AEB264CC685003BF76B = {
						CreatedOnToolsVersion = 12.5;
						TestTargetID = 66B28ACA264CC682003BF76B;
					};
				};
			};
			buildConfigurationList = 66B28AC6264CC682003BF76B /* Build configuration list for PBXProject "PasswordMeter" */;
			compatibilityVersion = "Xcode 9.3";
			developmentRegion = en;
			hasScannedForEncodings = 0;
			knownRegions = (
				en,
				Base,
			);
			mainGroup = 66B28AC2264CC682003BF76B;
			productRefGroup = 66B28ACC264CC682003BF76B /* Products */;
			projectDirPath = "";
			projectRoot = "";
			targets = (
				66B28ACA264CC682003BF76B /* PasswordMeter */,
				66B28AE0264CC685003BF76B /* PasswordMeterTests */,
				66B28AEB264CC685003BF76B /* PasswordMeterUITests */,
			);
		};
/* End PBXProject section */

/* Begin PBXResourcesBuildPhase section */
		66B28AC9264CC682003BF76B /* Resources */ = {
			isa = PBXResourcesBuildPhase;
			buildActionMask = 2147483647;
			files = (
				66B28ADB264CC685003BF76B /* LaunchScreen.storyboard in Resources */,
				66B28AD8264CC685003BF76B /* Preview Assets.xcassets in Resources */,
				66B28AD5264CC685003BF76B /* Assets.xcassets in Resources */,
			);
			runOnlyForDeploymentPostprocessing = 0;
		};
		66B28ADF264CC685003BF76B /* Resources */ = {
			isa = PBXResourcesBuildPhase;
			buildActionMask = 2147483647;
			files = (
			);
			runOnlyForDeploymentPostprocessing = 0;
		};
		66B28AEA264CC685003BF76B /* Resources */ = {
			isa = PBXResourcesBuildPhase;
			buildActionMask = 2147483647;
			files = (
			);
			runOnlyForDeploymentPostprocessing = 0;
		};
/* End PBXResourcesBuildPhase section */

/* Begin PBXSourcesBuildPhase section */
		66B28AC7264CC682003BF76B /* Sources */ = {
			isa = PBXSourcesBuildPhase;
			buildActionMask = 2147483647;
			files = (
				66A23FB02652353C00884770 /* SequentialLetters.swift in Sources */,
				66A23F95265225A200884770 /* LettersOnly.swift in Sources */,
				66A23F9C26522BFF00884770 /* NumbersOnly.swift in Sources */,
				66A23FC2265249CD00884770 /* PasswordComplexity.swift in Sources */,
				66A23FA026522D3A00884770 /* RepeatCharacters.swift in Sources */,
				66D6D56A264CDDE30068445A /* RequirementLevel.swift in Sources */,
				66D6D568264CDD420068445A /* AnalysisResult.swift in Sources */,
				66B28ACF264CC682003BF76B /* AppDelegate.swift in Sources */,
				66A23FBC26523E8C00884770 /* DeductionsVariablesBuilderForScore.swift in Sources */,
				66E2842D2658BB7700DEDC83 /* ViewController.swift in Sources */,
				66A23FAC2652342D00884770 /* ConsecutiveNumbers.swift in Sources */,
				66A23FA8265232E200884770 /* ConsecutiveLowercaseLetters.swift in Sources */,
				66D6D564264CD5730068445A /* ResultsView.swift in Sources */,
				66A23FB426523BBC00884770 /* SequentialNumbers.swift in Sources */,
				66BCD417265485D1009CAE22 /* StringForEach.swift in Sources */,
				66B28AD1264CC682003BF76B /* SceneDelegate.swift in Sources */,
				66A23F822651CB0F00884770 /* MiddleNumbersOrSymbols.swift in Sources */,
				66A23FBE26523FBE00884770 /* Score.swift in Sources */,
				6638C5882651BD7500A4149F /* LowercaseLetters.swift in Sources */,
				66A23F8E2651D3FE00884770 /* AdditionsVariablesBuilder.swift in Sources */,
				6638C5832651B2CC00A4149F /* UppercaseLetters.swift in Sources */,
				66A23F872651CDD600884770 /* PasswordVariablesCalculator.swift in Sources */,
				66A23F972652277000884770 /* DeductionsVariablesBuilder.swift in Sources */,
				66A23FB826523D1A00884770 /* SequentialSymbols.swift in Sources */,
				66A23FA42652305200884770 /* ConsecutiveUppercaseLetters.swift in Sources */,
				66A23F892651D35A00884770 /* Requirements.swift in Sources */,
				6638C58C2651BED700A4149F /* Numbers.swift in Sources */,
				66D6D56D264CDF0C0068445A /* NumberOfCharacters.swift in Sources */,
				6638C5902651C14E00A4149F /* Symbols.swift in Sources */,
				66EDA242265191F900165943 /* Results.swift in Sources */,
				66B28AD3264CC682003BF76B /* ContentView.swift in Sources */,
			);
			runOnlyForDeploymentPostprocessing = 0;
		};
		66B28ADD264CC685003BF76B /* Sources */ = {
			isa = PBXSourcesBuildPhase;
			buildActionMask = 2147483647;
			files = (
				66C6191826540812006FD37A /* PasswordComplexityTest.swift in Sources */,
				66A23F9E26522CBD00884770 /* NumbersOnlyTest.swift in Sources */,
				66B28AE6264CC685003BF76B /* PasswordMeterTests.swift in Sources */,
				6638C58A2651BDEB00A4149F /* LowercaseLettersTest.swift in Sources */,
				66A23F842651CCDE00884770 /* MiddleNumbersOrSymbolsTest.swift in Sources */,
				66A23FA226522F2B00884770 /* RepeatCharactersTest.swift in Sources */,
				66A23FA62652316E00884770 /* ConsecutiveUppercaseLettersTest.swift in Sources */,
				66A23FB22652393400884770 /* SequentialLettersTest.swift in Sources */,
				66D6D56F264CE0EB0068445A /* NumberOfCharactersTest.swift in Sources */,
				6638C5922651C1E200A4149F /* SymbolsTest.swift in Sources */,
				66A23F9A265229D300884770 /* LettersOnlyTest.swift in Sources */,
				66A23F902651D72B00884770 /* RequirementsTest.swift in Sources */,
				6638C5852651B63600A4149F /* UppercaseLettersTest.swift in Sources */,
				66A23FC02652414500884770 /* ScoreTest.swift in Sources */,
				669C640D2658BFFE000F5551 /* ViewControllerTest.swift in Sources */,
				66A23FBA26523DAD00884770 /* SequentialSymbolsTest.swift in Sources */,
				66A23FAA2652334000884770 /* ConsecutiveLowercaseLettersTest.swift in Sources */,
				66A23FB626523C5500884770 /* SequentialNumbersTest.swift in Sources */,
				6638C58E2651BFE000A4149F /* NumbersTest.swift in Sources */,
				66A23FAE265234D000884770 /* ConsecutiveNumbersTest.swift in Sources */,
			);
			runOnlyForDeploymentPostprocessing = 0;
		};
		66B28AE8264CC685003BF76B /* Sources */ = {
			isa = PBXSourcesBuildPhase;
			buildActionMask = 2147483647;
			files = (
				66B28AF1264CC685003BF76B /* PasswordMeterUITests.swift in Sources */,
			);
			runOnlyForDeploymentPostprocessing = 0;
		};
/* End PBXSourcesBuildPhase section */

/* Begin PBXTargetDependency section */
		66B28AE3264CC685003BF76B /* PBXTargetDependency */ = {
			isa = PBXTargetDependency;
			target = 66B28ACA264CC682003BF76B /* PasswordMeter */;
			targetProxy = 66B28AE2264CC685003BF76B /* PBXContainerItemProxy */;
		};
		66B28AEE264CC685003BF76B /* PBXTargetDependency */ = {
			isa = PBXTargetDependency;
			target = 66B28ACA264CC682003BF76B /* PasswordMeter */;
			targetProxy = 66B28AED264CC685003BF76B /* PBXContainerItemProxy */;
		};
/* End PBXTargetDependency section */

/* Begin PBXVariantGroup section */
		66B28AD9264CC685003BF76B /* LaunchScreen.storyboard */ = {
			isa = PBXVariantGroup;
			children = (
				66B28ADA264CC685003BF76B /* Base */,
			);
			name = LaunchScreen.storyboard;
			sourceTree = "<group>";
		};
/* End PBXVariantGroup section */

/* Begin XCBuildConfiguration section */
		66B28AF3264CC685003BF76B /* Debug */ = {
			isa = XCBuildConfiguration;
			buildSettings = {
				ALWAYS_SEARCH_USER_PATHS = NO;
				CLANG_ANALYZER_NONNULL = YES;
				CLANG_ANALYZER_NUMBER_OBJECT_CONVERSION = YES_AGGRESSIVE;
				CLANG_CXX_LANGUAGE_STANDARD = "gnu++14";
				CLANG_CXX_LIBRARY = "libc++";
				CLANG_ENABLE_MODULES = YES;
				CLANG_ENABLE_OBJC_ARC = YES;
				CLANG_ENABLE_OBJC_WEAK = YES;
				CLANG_WARN_BLOCK_CAPTURE_AUTORELEASING = YES;
				CLANG_WARN_BOOL_CONVERSION = YES;
				CLANG_WARN_COMMA = YES;
				CLANG_WARN_CONSTANT_CONVERSION = YES;
				CLANG_WARN_DEPRECATED_OBJC_IMPLEMENTATIONS = YES;
				CLANG_WARN_DIRECT_OBJC_ISA_USAGE = YES_ERROR;
				CLANG_WARN_DOCUMENTATION_COMMENTS = YES;
				CLANG_WARN_EMPTY_BODY = YES;
				CLANG_WARN_ENUM_CONVERSION = YES;
				CLANG_WARN_INFINITE_RECURSION = YES;
				CLANG_WARN_INT_CONVERSION = YES;
				CLANG_WARN_NON_LITERAL_NULL_CONVERSION = YES;
				CLANG_WARN_OBJC_IMPLICIT_RETAIN_SELF = YES;
				CLANG_WARN_OBJC_LITERAL_CONVERSION = YES;
				CLANG_WARN_OBJC_ROOT_CLASS = YES_ERROR;
				CLANG_WARN_QUOTED_INCLUDE_IN_FRAMEWORK_HEADER = YES;
				CLANG_WARN_RANGE_LOOP_ANALYSIS = YES;
				CLANG_WARN_STRICT_PROTOTYPES = YES;
				CLANG_WARN_SUSPICIOUS_MOVE = YES;
				CLANG_WARN_UNGUARDED_AVAILABILITY = YES_AGGRESSIVE;
				CLANG_WARN_UNREACHABLE_CODE = YES;
				CLANG_WARN__DUPLICATE_METHOD_MATCH = YES;
				COPY_PHASE_STRIP = NO;
				DEBUG_INFORMATION_FORMAT = dwarf;
				ENABLE_STRICT_OBJC_MSGSEND = YES;
				ENABLE_TESTABILITY = YES;
				GCC_C_LANGUAGE_STANDARD = gnu11;
				GCC_DYNAMIC_NO_PIC = NO;
				GCC_NO_COMMON_BLOCKS = YES;
				GCC_OPTIMIZATION_LEVEL = 0;
				GCC_PREPROCESSOR_DEFINITIONS = (
					"DEBUG=1",
					"$(inherited)",
				);
				GCC_WARN_64_TO_32_BIT_CONVERSION = YES;
				GCC_WARN_ABOUT_RETURN_TYPE = YES_ERROR;
				GCC_WARN_UNDECLARED_SELECTOR = YES;
				GCC_WARN_UNINITIALIZED_AUTOS = YES_AGGRESSIVE;
				GCC_WARN_UNUSED_FUNCTION = YES;
				GCC_WARN_UNUSED_VARIABLE = YES;
				IPHONEOS_DEPLOYMENT_TARGET = 14.5;
				MTL_ENABLE_DEBUG_INFO = INCLUDE_SOURCE;
				MTL_FAST_MATH = YES;
				ONLY_ACTIVE_ARCH = YES;
				SDKROOT = iphoneos;
				SWIFT_ACTIVE_COMPILATION_CONDITIONS = DEBUG;
				SWIFT_OPTIMIZATION_LEVEL = "-Onone";
			};
			name = Debug;
		};
		66B28AF4264CC685003BF76B /* Release */ = {
			isa = XCBuildConfiguration;
			buildSettings = {
				ALWAYS_SEARCH_USER_PATHS = NO;
				CLANG_ANALYZER_NONNULL = YES;
				CLANG_ANALYZER_NUMBER_OBJECT_CONVERSION = YES_AGGRESSIVE;
				CLANG_CXX_LANGUAGE_STANDARD = "gnu++14";
				CLANG_CXX_LIBRARY = "libc++";
				CLANG_ENABLE_MODULES = YES;
				CLANG_ENABLE_OBJC_ARC = YES;
				CLANG_ENABLE_OBJC_WEAK = YES;
				CLANG_WARN_BLOCK_CAPTURE_AUTORELEASING = YES;
				CLANG_WARN_BOOL_CONVERSION = YES;
				CLANG_WARN_COMMA = YES;
				CLANG_WARN_CONSTANT_CONVERSION = YES;
				CLANG_WARN_DEPRECATED_OBJC_IMPLEMENTATIONS = YES;
				CLANG_WARN_DIRECT_OBJC_ISA_USAGE = YES_ERROR;
				CLANG_WARN_DOCUMENTATION_COMMENTS = YES;
				CLANG_WARN_EMPTY_BODY = YES;
				CLANG_WARN_ENUM_CONVERSION = YES;
				CLANG_WARN_INFINITE_RECURSION = YES;
				CLANG_WARN_INT_CONVERSION = YES;
				CLANG_WARN_NON_LITERAL_NULL_CONVERSION = YES;
				CLANG_WARN_OBJC_IMPLICIT_RETAIN_SELF = YES;
				CLANG_WARN_OBJC_LITERAL_CONVERSION = YES;
				CLANG_WARN_OBJC_ROOT_CLASS = YES_ERROR;
				CLANG_WARN_QUOTED_INCLUDE_IN_FRAMEWORK_HEADER = YES;
				CLANG_WARN_RANGE_LOOP_ANALYSIS = YES;
				CLANG_WARN_STRICT_PROTOTYPES = YES;
				CLANG_WARN_SUSPICIOUS_MOVE = YES;
				CLANG_WARN_UNGUARDED_AVAILABILITY = YES_AGGRESSIVE;
				CLANG_WARN_UNREACHABLE_CODE = YES;
				CLANG_WARN__DUPLICATE_METHOD_MATCH = YES;
				COPY_PHASE_STRIP = NO;
				DEBUG_INFORMATION_FORMAT = "dwarf-with-dsym";
				ENABLE_NS_ASSERTIONS = NO;
				ENABLE_STRICT_OBJC_MSGSEND = YES;
				GCC_C_LANGUAGE_STANDARD = gnu11;
				GCC_NO_COMMON_BLOCKS = YES;
				GCC_WARN_64_TO_32_BIT_CONVERSION = YES;
				GCC_WARN_ABOUT_RETURN_TYPE = YES_ERROR;
				GCC_WARN_UNDECLARED_SELECTOR = YES;
				GCC_WARN_UNINITIALIZED_AUTOS = YES_AGGRESSIVE;
				GCC_WARN_UNUSED_FUNCTION = YES;
				GCC_WARN_UNUSED_VARIABLE = YES;
				IPHONEOS_DEPLOYMENT_TARGET = 14.5;
				MTL_ENABLE_DEBUG_INFO = NO;
				MTL_FAST_MATH = YES;
				SDKROOT = iphoneos;
				SWIFT_COMPILATION_MODE = wholemodule;
				SWIFT_OPTIMIZATION_LEVEL = "-O";
				VALIDATE_PRODUCT = YES;
			};
			name = Release;
		};
		66B28AF6264CC685003BF76B /* Debug */ = {
			isa = XCBuildConfiguration;
			buildSettings = {
				ASSETCATALOG_COMPILER_APPICON_NAME = AppIcon;
				ASSETCATALOG_COMPILER_GLOBAL_ACCENT_COLOR_NAME = AccentColor;
				CODE_SIGN_STYLE = Automatic;
				DEVELOPMENT_ASSET_PATHS = "\"PasswordMeter/Preview Content\"";
				DEVELOPMENT_TEAM = B3X64R59PK;
				ENABLE_PREVIEWS = YES;
				INFOPLIST_FILE = PasswordMeter/Info.plist;
				LD_RUNPATH_SEARCH_PATHS = (
					"$(inherited)",
					"@executable_path/Frameworks",
				);
				PRODUCT_BUNDLE_IDENTIFIER = me.sa.PasswordMeter;
				PRODUCT_NAME = "$(TARGET_NAME)";
				SWIFT_VERSION = 5.0;
				TARGETED_DEVICE_FAMILY = "1,2";
			};
			name = Debug;
		};
		66B28AF7264CC685003BF76B /* Release */ = {
			isa = XCBuildConfiguration;
			buildSettings = {
				ASSETCATALOG_COMPILER_APPICON_NAME = AppIcon;
				ASSETCATALOG_COMPILER_GLOBAL_ACCENT_COLOR_NAME = AccentColor;
				CODE_SIGN_STYLE = Automatic;
				DEVELOPMENT_ASSET_PATHS = "\"PasswordMeter/Preview Content\"";
				DEVELOPMENT_TEAM = B3X64R59PK;
				ENABLE_PREVIEWS = YES;
				INFOPLIST_FILE = PasswordMeter/Info.plist;
				LD_RUNPATH_SEARCH_PATHS = (
					"$(inherited)",
					"@executable_path/Frameworks",
				);
				PRODUCT_BUNDLE_IDENTIFIER = me.sa.PasswordMeter;
				PRODUCT_NAME = "$(TARGET_NAME)";
				SWIFT_VERSION = 5.0;
				TARGETED_DEVICE_FAMILY = "1,2";
			};
			name = Release;
		};
		66B28AF9264CC685003BF76B /* Debug */ = {
			isa = XCBuildConfiguration;
			buildSettings = {
				ALWAYS_EMBED_SWIFT_STANDARD_LIBRARIES = YES;
				BUNDLE_LOADER = "$(TEST_HOST)";
				CODE_SIGN_STYLE = Automatic;
				DEVELOPMENT_TEAM = B3X64R59PK;
				INFOPLIST_FILE = PasswordMeterTests/Info.plist;
				IPHONEOS_DEPLOYMENT_TARGET = 14.5;
				LD_RUNPATH_SEARCH_PATHS = (
					"$(inherited)",
					"@executable_path/Frameworks",
					"@loader_path/Frameworks",
				);
				PRODUCT_BUNDLE_IDENTIFIER = me.sa.PasswordMeterTests;
				PRODUCT_NAME = "$(TARGET_NAME)";
				SWIFT_VERSION = 5.0;
				TARGETED_DEVICE_FAMILY = "1,2";
				TEST_HOST = "$(BUILT_PRODUCTS_DIR)/PasswordMeter.app/PasswordMeter";
			};
			name = Debug;
		};
		66B28AFA264CC685003BF76B /* Release */ = {
			isa = XCBuildConfiguration;
			buildSettings = {
				ALWAYS_EMBED_SWIFT_STANDARD_LIBRARIES = YES;
				BUNDLE_LOADER = "$(TEST_HOST)";
				CODE_SIGN_STYLE = Automatic;
				DEVELOPMENT_TEAM = B3X64R59PK;
				INFOPLIST_FILE = PasswordMeterTests/Info.plist;
				IPHONEOS_DEPLOYMENT_TARGET = 14.5;
				LD_RUNPATH_SEARCH_PATHS = (
					"$(inherited)",
					"@executable_path/Frameworks",
					"@loader_path/Frameworks",
				);
				PRODUCT_BUNDLE_IDENTIFIER = me.sa.PasswordMeterTests;
				PRODUCT_NAME = "$(TARGET_NAME)";
				SWIFT_VERSION = 5.0;
				TARGETED_DEVICE_FAMILY = "1,2";
				TEST_HOST = "$(BUILT_PRODUCTS_DIR)/PasswordMeter.app/PasswordMeter";
			};
			name = Release;
		};
		66B28AFC264CC685003BF76B /* Debug */ = {
			isa = XCBuildConfiguration;
			buildSettings = {
				ALWAYS_EMBED_SWIFT_STANDARD_LIBRARIES = YES;
				CODE_SIGN_STYLE = Automatic;
				DEVELOPMENT_TEAM = B3X64R59PK;
				INFOPLIST_FILE = PasswordMeterUITests/Info.plist;
				LD_RUNPATH_SEARCH_PATHS = (
					"$(inherited)",
					"@executable_path/Frameworks",
					"@loader_path/Frameworks",
				);
				PRODUCT_BUNDLE_IDENTIFIER = me.sa.PasswordMeterUITests;
				PRODUCT_NAME = "$(TARGET_NAME)";
				SWIFT_VERSION = 5.0;
				TARGETED_DEVICE_FAMILY = "1,2";
				TEST_TARGET_NAME = PasswordMeter;
			};
			name = Debug;
		};
		66B28AFD264CC685003BF76B /* Release */ = {
			isa = XCBuildConfiguration;
			buildSettings = {
				ALWAYS_EMBED_SWIFT_STANDARD_LIBRARIES = YES;
				CODE_SIGN_STYLE = Automatic;
				DEVELOPMENT_TEAM = B3X64R59PK;
				INFOPLIST_FILE = PasswordMeterUITests/Info.plist;
				LD_RUNPATH_SEARCH_PATHS = (
					"$(inherited)",
					"@executable_path/Frameworks",
					"@loader_path/Frameworks",
				);
				PRODUCT_BUNDLE_IDENTIFIER = me.sa.PasswordMeterUITests;
				PRODUCT_NAME = "$(TARGET_NAME)";
				SWIFT_VERSION = 5.0;
				TARGETED_DEVICE_FAMILY = "1,2";
				TEST_TARGET_NAME = PasswordMeter;
			};
			name = Release;
		};
/* End XCBuildConfiguration section */

/* Begin XCConfigurationList section */
		66B28AC6264CC682003BF76B /* Build configuration list for PBXProject "PasswordMeter" */ = {
			isa = XCConfigurationList;
			buildConfigurations = (
				66B28AF3264CC685003BF76B /* Debug */,
				66B28AF4264CC685003BF76B /* Release */,
			);
			defaultConfigurationIsVisible = 0;
			defaultConfigurationName = Release;
		};
		66B28AF5264CC685003BF76B /* Build configuration list for PBXNativeTarget "PasswordMeter" */ = {
			isa = XCConfigurationList;
			buildConfigurations = (
				66B28AF6264CC685003BF76B /* Debug */,
				66B28AF7264CC685003BF76B /* Release */,
			);
			defaultConfigurationIsVisible = 0;
			defaultConfigurationName = Release;
		};
		66B28AF8264CC685003BF76B /* Build configuration list for PBXNativeTarget "PasswordMeterTests" */ = {
			isa = XCConfigurationList;
			buildConfigurations = (
				66B28AF9264CC685003BF76B /* Debug */,
				66B28AFA264CC685003BF76B /* Release */,
			);
			defaultConfigurationIsVisible = 0;
			defaultConfigurationName = Release;
		};
		66B28AFB264CC685003BF76B /* Build configuration list for PBXNativeTarget "PasswordMeterUITests" */ = {
			isa = XCConfigurationList;
			buildConfigurations = (
				66B28AFC264CC685003BF76B /* Debug */,
				66B28AFD264CC685003BF76B /* Release */,
			);
			defaultConfigurationIsVisible = 0;
			defaultConfigurationName = Release;
		};
/* End XCConfigurationList section */
	};
	rootObject = 66B28AC3264CC682003BF76B /* Project object */;
}
